
Microsoft Visual Studio Solution File, Format Version 12.00
# Visual Studio Version 17
VisualStudioVersion = 17.10.35013.160
MinimumVisualStudioVersion = 10.0.40219.1
Project("{9A19103F-16F7-4668-BE54-9A1E7A4F7556}") = "ExploreThrill.Entities", "ExploreThrill.Entities\ExploreThrill.Entities.csproj", "{24626B89-4013-4AB3-A7B7-318EA85C5D8B}"
EndProject
Project("{9A19103F-16F7-4668-BE54-9A1E7A4F7556}") = "ExploreThrill.BL", "ExploreThrill.BL\ExploreThrill.BL.csproj", "{6F308CC3-B97F-48A3-A59F-79E727C8C844}"
EndProject
Project("{9A19103F-16F7-4668-BE54-9A1E7A4F7556}") = "ExploreThrill.Core", "ExploreThrill.Core\ExploreThrill.Core.csproj", "{0AC069DD-88AB-489A-A144-0958A46D1849}"
EndProject
Project("{FAE04EC0-301F-11D3-BF4B-00C04F79EFBC}") = "ExploreThrill.MVC", "ExploreThrill.MVC\ExploreThrill.MVC.csproj", "{45815DDA-CA89-406E-8738-126085A9142A}"
EndProject
Global
	GlobalSection(SolutionConfigurationPlatforms) = preSolution
		Debug|Any CPU = Debug|Any CPU
		Release|Any CPU = Release|Any CPU
	EndGlobalSection
	GlobalSection(ProjectConfigurationPlatforms) = postSolution
		{24626B89-4013-4AB3-A7B7-318EA85C5D8B}.Debug|Any CPU.ActiveCfg = Debug|Any CPU
		{24626B89-4013-4AB3-A7B7-318EA85C5D8B}.Debug|Any CPU.Build.0 = Debug|Any CPU
		{24626B89-4013-4AB3-A7B7-318EA85C5D8B}.Release|Any CPU.ActiveCfg = Release|Any CPU
		{24626B89-4013-4AB3-A7B7-318EA85C5D8B}.Release|Any CPU.Build.0 = Release|Any CPU
		{6F308CC3-B97F-48A3-A59F-79E727C8C844}.Debug|Any CPU.ActiveCfg = Debug|Any CPU
		{6F308CC3-B97F-48A3-A59F-79E727C8C844}.Debug|Any CPU.Build.0 = Debug|Any CPU
		{6F308CC3-B97F-48A3-A59F-79E727C8C844}.Release|Any CPU.ActiveCfg = Release|Any CPU
		{6F308CC3-B97F-48A3-A59F-79E727C8C844}.Release|Any CPU.Build.0 = Release|Any CPU
		{0AC069DD-88AB-489A-A144-0958A46D1849}.Debug|Any CPU.ActiveCfg = Debug|Any CPU
		{0AC069DD-88AB-489A-A144-0958A46D1849}.Debug|Any CPU.Build.0 = Debug|Any CPU
		{0AC069DD-88AB-489A-A144-0958A46D1849}.Release|Any CPU.ActiveCfg = Release|Any CPU
		{0AC069DD-88AB-489A-A144-0958A46D1849}.Release|Any CPU.Build.0 = Release|Any CPU
		{45815DDA-CA89-406E-8738-126085A9142A}.Debug|Any CPU.ActiveCfg = Debug|Any CPU
		{45815DDA-CA89-406E-8738-126085A9142A}.Debug|Any CPU.Build.0 = Debug|Any CPU
		{45815DDA-CA89-406E-8738-126085A9142A}.Release|Any CPU.ActiveCfg = Release|Any CPU
		{45815DDA-CA89-406E-8738-126085A9142A}.Release|Any CPU.Build.0 = Release|Any CPU
	EndGlobalSection
	GlobalSection(SolutionProperties) = preSolution
		HideSolutionNode = FALSE
	EndGlobalSection
	GlobalSection(ExtensibilityGlobals) = postSolution
		SolutionGuid = {5F537384-E020-4025-B03D-9B5A14C78C68}
	EndGlobalSection
EndGlobal
